
Microsoft Visual Studio Solution File, Format Version 12.00
# Visual Studio Version 17
VisualStudioVersion = 17.6.33723.286
MinimumVisualStudioVersion = 10.0.40219.1
Project("{FAE04EC0-301F-11D3-BF4B-00C04F79EFBC}") = "DrinksCall", "DrinksCall\DrinksCall.csproj", "{B96EA2A6-34F8-4747-BFC7-6B22EDD531AA}"
EndProject
Global
	GlobalSection(SolutionConfigurationPlatforms) = preSolution
		Debug|Any CPU = Debug|Any CPU
		Release|Any CPU = Release|Any CPU
	EndGlobalSection
	GlobalSection(ProjectConfigurationPlatforms) = postSolution
		{B96EA2A6-34F8-4747-BFC7-6B22EDD531AA}.Debug|Any CPU.ActiveCfg = Debug|Any CPU
		{B96EA2A6-34F8-4747-BFC7-6B22EDD531AA}.Debug|Any CPU.Build.0 = Debug|Any CPU
		{B96EA2A6-34F8-4747-BFC7-6B22EDD531AA}.Release|Any CPU.ActiveCfg = Release|Any CPU
		{B96EA2A6-34F8-4747-BFC7-6B22EDD531AA}.Release|Any CPU.Build.0 = Release|Any CPU
	EndGlobalSection
	GlobalSection(SolutionProperties) = preSolution
		HideSolutionNode = FALSE
	EndGlobalSection
	GlobalSection(ExtensibilityGlobals) = postSolution
		SolutionGuid = {57500734-C88F-439E-BEB5-8C572221185D}
	EndGlobalSection
EndGlobal
